{
  "name": "web-project",
  "version": "1.0.0",
  "lockfileVersion": 3,
  "requires": true,
  "packages": {
    "": {
      "name": "web-project",
      "version": "1.0.0",
      "license": "ISC",
      "dependencies": {
        "date-time": "^4.0.0",
        "slugify": "^1.6.9"
      }
    },
    "node_modules/date-time": {
      "version": "4.0.0",
      "resolved": "https://registry.npmjs.org/date-time/-/date-time-4.0.0.tgz",
      "integrity": "sha512-I53Xcn8FBobcKFcNUfZUSE6O3HeRdp1IOLWyHkipi5S07sEZbTwP+xTrPp5Ch6q6iyFkC06B14+bm96FrdfIEA==",
      "license": "MIT",
      "dependencies": {
        "time-zone": "^2.0.0"
      },
      "engines": {
        "node": ">=12"
      },
      "funding": {
        "url": "https://github.com/sponsors/sindresorhus"
      }
    },
    "node_modules/slugify": {
      "version": "1.6.9",
      "resolved": "https://registry.npmjs.org/slugify/-/slugify-1.6.9.tgz",
      "integrity": "sha512-vZ7rfeehZui7wQs438JXBckYLkIIdfHOXsaVEUMyS5fHo1483l1bMdo0EDSWYclY0yZKFOipDy4KHuKs6ssvdg==",
      "license": "MIT",
      "engines": {
        "node": ">=8.0.0"
      }
    },
    "node_modules/time-zone": {
      "version": "2.0.0",
      "resolved": "https://registry.npmjs.org/time-zone/-/time-zone-2.0.0.tgz",
      "integrity": "sha512-2cp/YLRm7ly33CzvySyXqo/QEOu4KMn6fCof0gpqosWY3PEJUJJhXP/Cb2wXFUuCzWWJYEmPvdHNzjLlfXC49A==",
      "license": "MIT",
      "engines": {
        "node": ">=12"
      },
      "funding": {
        "url": "https://github.com/sponsors/sindresorhus"
      }
    }
  }
}
